
Microsoft Visual Studio Solution File, Format Version 12.00
# Visual Studio Version 16
VisualStudioVersion = 16.0.30804.86
MinimumVisualStudioVersion = 10.0.40219.1
Project("{9A19103F-16F7-4668-BE54-9A1E7A4F7556}") = "Algorithms", "Practice_Algorithms\Algorithms.csproj", "{7D442254-4BB0-4107-A5B7-DF4979166688}"
EndProject
Project("{9A19103F-16F7-4668-BE54-9A1E7A4F7556}") = "DataStructures", "DataStructures\DataStructures.csproj", "{5AAFB1E0-7861-4D62-BCDA-08E1DDEEAFB2}"
EndProject
Project("{9A19103F-16F7-4668-BE54-9A1E7A4F7556}") = "Sorting", "Sorting\Sorting.csproj", "{971251AB-B084-4F33-B928-63012BF692D8}"
EndProject
Project("{2150E333-8FDC-42A3-9474-1A3956D46DE8}") = "Algos", "Algos", "{190994D1-B2C3-4E0B-947B-F39631F683FA}"
EndProject
Project("{2150E333-8FDC-42A3-9474-1A3956D46DE8}") = "DS", "DS", "{027C693F-9037-4089-98BC-96743F2B3FAA}"
EndProject
Project("{FAE04EC0-301F-11D3-BF4B-00C04F79EFBC}") = "Searching", "Searching\Searching.csproj", "{153BB1F6-D1BC-4C51-9B21-EABD86B8B7A5}"
EndProject
Global
	GlobalSection(SolutionConfigurationPlatforms) = preSolution
		Debug|Any CPU = Debug|Any CPU
		Release|Any CPU = Release|Any CPU
	EndGlobalSection
	GlobalSection(ProjectConfigurationPlatforms) = postSolution
		{7D442254-4BB0-4107-A5B7-DF4979166688}.Debug|Any CPU.ActiveCfg = Debug|Any CPU
		{7D442254-4BB0-4107-A5B7-DF4979166688}.Debug|Any CPU.Build.0 = Debug|Any CPU
		{7D442254-4BB0-4107-A5B7-DF4979166688}.Release|Any CPU.ActiveCfg = Release|Any CPU
		{7D442254-4BB0-4107-A5B7-DF4979166688}.Release|Any CPU.Build.0 = Release|Any CPU
		{5AAFB1E0-7861-4D62-BCDA-08E1DDEEAFB2}.Debug|Any CPU.ActiveCfg = Debug|Any CPU
		{5AAFB1E0-7861-4D62-BCDA-08E1DDEEAFB2}.Debug|Any CPU.Build.0 = Debug|Any CPU
		{5AAFB1E0-7861-4D62-BCDA-08E1DDEEAFB2}.Release|Any CPU.ActiveCfg = Release|Any CPU
		{5AAFB1E0-7861-4D62-BCDA-08E1DDEEAFB2}.Release|Any CPU.Build.0 = Release|Any CPU
		{971251AB-B084-4F33-B928-63012BF692D8}.Debug|Any CPU.ActiveCfg = Debug|Any CPU
		{971251AB-B084-4F33-B928-63012BF692D8}.Debug|Any CPU.Build.0 = Debug|Any CPU
		{971251AB-B084-4F33-B928-63012BF692D8}.Release|Any CPU.ActiveCfg = Release|Any CPU
		{971251AB-B084-4F33-B928-63012BF692D8}.Release|Any CPU.Build.0 = Release|Any CPU
		{153BB1F6-D1BC-4C51-9B21-EABD86B8B7A5}.Debug|Any CPU.ActiveCfg = Debug|Any CPU
		{153BB1F6-D1BC-4C51-9B21-EABD86B8B7A5}.Debug|Any CPU.Build.0 = Debug|Any CPU
		{153BB1F6-D1BC-4C51-9B21-EABD86B8B7A5}.Release|Any CPU.ActiveCfg = Release|Any CPU
		{153BB1F6-D1BC-4C51-9B21-EABD86B8B7A5}.Release|Any CPU.Build.0 = Release|Any CPU
	EndGlobalSection
	GlobalSection(SolutionProperties) = preSolution
		HideSolutionNode = FALSE
	EndGlobalSection
	GlobalSection(NestedProjects) = preSolution
		{7D442254-4BB0-4107-A5B7-DF4979166688} = {190994D1-B2C3-4E0B-947B-F39631F683FA}
		{5AAFB1E0-7861-4D62-BCDA-08E1DDEEAFB2} = {027C693F-9037-4089-98BC-96743F2B3FAA}
		{971251AB-B084-4F33-B928-63012BF692D8} = {190994D1-B2C3-4E0B-947B-F39631F683FA}
		{153BB1F6-D1BC-4C51-9B21-EABD86B8B7A5} = {190994D1-B2C3-4E0B-947B-F39631F683FA}
	EndGlobalSection
	GlobalSection(ExtensibilityGlobals) = postSolution
		SolutionGuid = {2F7E2049-2F31-40C1-A7B9-F43AC7477CC4}
	EndGlobalSection
EndGlobal
