
Microsoft Visual Studio Solution File, Format Version 12.00
# Visual Studio Version 16
VisualStudioVersion = 16.0.30804.86
MinimumVisualStudioVersion = 10.0.40219.1
Project("{FAE04EC0-301F-11D3-BF4B-00C04F79EFBC}") = "Practice_Algorithms", "Practice_Algorithms\Algorithms.csproj", "{7D442254-4BB0-4107-A5B7-DF4979166688}"
EndProject
Global
	GlobalSection(SolutionConfigurationPlatforms) = preSolution
		Debug|Any CPU = Debug|Any CPU
		Release|Any CPU = Release|Any CPU
	EndGlobalSection
	GlobalSection(ProjectConfigurationPlatforms) = postSolution
		{7D442254-4BB0-4107-A5B7-DF4979166688}.Debug|Any CPU.ActiveCfg = Debug|Any CPU
		{7D442254-4BB0-4107-A5B7-DF4979166688}.Debug|Any CPU.Build.0 = Debug|Any CPU
		{7D442254-4BB0-4107-A5B7-DF4979166688}.Release|Any CPU.ActiveCfg = Release|Any CPU
		{7D442254-4BB0-4107-A5B7-DF4979166688}.Release|Any CPU.Build.0 = Release|Any CPU
	EndGlobalSection
	GlobalSection(SolutionProperties) = preSolution
		HideSolutionNode = FALSE
	EndGlobalSection
	GlobalSection(ExtensibilityGlobals) = postSolution
		SolutionGuid = {2F7E2049-2F31-40C1-A7B9-F43AC7477CC4}
	EndGlobalSection
EndGlobal
